// !$*UTF8*$!
{
	archiveVersion = 1;
	classes = {
	};
	objectVersion = 77;
	objects = {

/* Begin PBXBuildFile section */
		7A5700000000000000000050 /* VinylQWidgets.appex in Embed Foundation Extensions */ = {isa = PBXBuildFile; fileRef = 7A5700000000000000000011 /* VinylQWidgets.appex */; settings = {ATTRIBUTES = (RemoveHeadersOnCopy, ); }; };
		7A5700000000000000000051 /* AppIcon.icns in Resources */ = {isa = PBXBuildFile; fileRef = 7A5700000000000000000012 /* AppIcon.icns */; };
/* End PBXBuildFile section */

/* Begin PBXContainerItemProxy section */
		7A5700000000000000000060 /* PBXContainerItemProxy */ = {
			isa = PBXContainerItemProxy;
			containerPortal = 7A5700000000000000000001 /* Project object */;
			proxyType = 1;
			remoteGlobalIDString = 7A5700000000000000000031;
			remoteInfo = VinylQWidgets;
		};
/* End PBXContainerItemProxy section */

/* Begin PBXCopyFilesBuildPhase section */
		7A5700000000000000000043 /* Embed Foundation Extensions */ = {
			isa = PBXCopyFilesBuildPhase;
			buildActionMask = 2147483647;
			dstPath = "";
			dstSubfolderSpec = 13;
			files = (
				7A5700000000000000000050 /* VinylQWidgets.appex in Embed Foundation Extensions */,
			);
			name = "Embed Foundation Extensions";
			runOnlyForDeploymentPostprocessing = 0;
		};
/* End PBXCopyFilesBuildPhase section */

/* Begin PBXFileReference section */
		7A5700000000000000000010 /* VinylQ.app */ = {isa = PBXFileReference; explicitFileType = wrapper.application; includeInIndex = 0; path = VinylQ.app; sourceTree = BUILT_PRODUCTS_DIR; };
		7A5700000000000000000011 /* VinylQWidgets.appex */ = {isa = PBXFileReference; explicitFileType = "wrapper.app-extension"; includeInIndex = 0; path = VinylQWidgets.appex; sourceTree = BUILT_PRODUCTS_DIR; };
		7A5700000000000000000012 /* AppIcon.icns */ = {isa = PBXFileReference; lastKnownFileType = image.icns; path = AppIcon.icns; sourceTree = "<group>"; };
		7A5700000000000000000013 /* Info.plist */ = {isa = PBXFileReference; lastKnownFileType = text.plist.xml; path = Info.plist; sourceTree = "<group>"; };
		7A5700000000000000000014 /* VinylQWidgets-Info.plist */ = {isa = PBXFileReference; lastKnownFileType = text.plist.xml; path = "VinylQWidgets-Info.plist"; sourceTree = "<group>"; };
		7A5700000000000000000015 /* VinylQWidgets.entitlements */ = {isa = PBXFileReference; lastKnownFileType = text.plist.entitlements; path = VinylQWidgets.entitlements; sourceTree = "<group>"; };
/* End PBXFileReference section */

/* Begin PBXFileSystemSynchronizedRootGroup section */
		7A5700000000000000000020 /* VinylQ */ = {
			isa = PBXFileSystemSynchronizedRootGroup;
			path = VinylQ;
			sourceTree = "<group>";
		};
		7A5700000000000000000021 /* Shared */ = {
			isa = PBXFileSystemSynchronizedRootGroup;
			path = Shared;
			sourceTree = "<group>";
		};
		7A5700000000000000000022 /* VinylQWidgets */ = {
			isa = PBXFileSystemSynchronizedRootGroup;
			path = VinylQWidgets;
			sourceTree = "<group>";
		};
/* End PBXFileSystemSynchronizedRootGroup section */

/* Begin PBXFrameworksBuildPhase section */
		7A5700000000000000000041 /* Frameworks */ = {
			isa = PBXFrameworksBuildPhase;
			buildActionMask = 2147483647;
			files = (
			);
			runOnlyForDeploymentPostprocessing = 0;
		};
		7A5700000000000000000045 /* Frameworks */ = {
			isa = PBXFrameworksBuildPhase;
			buildActionMask = 2147483647;
			files = (
			);
			runOnlyForDeploymentPostprocessing = 0;
		};
/* End PBXFrameworksBuildPhase section */

/* Begin PBXGroup section */
		7A5700000000000000000002 = {
			isa = PBXGroup;
			children = (
				7A5700000000000000000004 /* Sources */,
				7A5700000000000000000005 /* Packaging */,
				7A5700000000000000000003 /* Products */,
			);
			sourceTree = "<group>";
		};
		7A5700000000000000000003 /* Products */ = {
			isa = PBXGroup;
			children = (
				7A5700000000000000000010 /* VinylQ.app */,
				7A5700000000000000000011 /* VinylQWidgets.appex */,
			);
			name = Products;
			sourceTree = "<group>";
		};
		7A5700000000000000000004 /* Sources */ = {
			isa = PBXGroup;
			children = (
				7A5700000000000000000020 /* VinylQ */,
				7A5700000000000000000021 /* Shared */,
				7A5700000000000000000022 /* VinylQWidgets */,
			);
			path = Sources;
			sourceTree = "<group>";
		};
		7A5700000000000000000005 /* Packaging */ = {
			isa = PBXGroup;
			children = (
				7A5700000000000000000012 /* AppIcon.icns */,
				7A5700000000000000000013 /* Info.plist */,
				7A5700000000000000000014 /* VinylQWidgets-Info.plist */,
				7A5700000000000000000015 /* VinylQWidgets.entitlements */,
			);
			path = Packaging;
			sourceTree = "<group>";
		};
/* End PBXGroup section */

/* Begin PBXNativeTarget section */
		7A5700000000000000000030 /* VinylQ */ = {
			isa = PBXNativeTarget;
			buildConfigurationList = 7A5700000000000000000071 /* Build configuration list for PBXNativeTarget "VinylQ" */;
			buildPhases = (
				7A5700000000000000000040 /* Sources */,
				7A5700000000000000000041 /* Frameworks */,
				7A5700000000000000000042 /* Resources */,
				7A5700000000000000000043 /* Embed Foundation Extensions */,
			);
			buildRules = (
			);
			dependencies = (
				7A5700000000000000000061 /* PBXTargetDependency */,
			);
			fileSystemSynchronizedGroups = (
				7A5700000000000000000020 /* VinylQ */,
				7A5700000000000000000021 /* Shared */,
			);
			name = VinylQ;
			packageProductDependencies = (
			);
			productName = VinylQ;
			productReference = 7A5700000000000000000010 /* VinylQ.app */;
			productType = "com.apple.product-type.application";
		};
		7A5700000000000000000031 /* VinylQWidgets */ = {
			isa = PBXNativeTarget;
			buildConfigurationList = 7A5700000000000000000072 /* Build configuration list for PBXNativeTarget "VinylQWidgets" */;
			buildPhases = (
				7A5700000000000000000044 /* Sources */,
				7A5700000000000000000045 /* Frameworks */,
				7A5700000000000000000046 /* Resources */,
			);
			buildRules = (
			);
			dependencies = (
			);
			fileSystemSynchronizedGroups = (
				7A5700000000000000000021 /* Shared */,
				7A5700000000000000000022 /* VinylQWidgets */,
			);
			name = VinylQWidgets;
			packageProductDependencies = (
			);
			productName = VinylQWidgets;
			productReference = 7A5700000000000000000011 /* VinylQWidgets.appex */;
			productType = "com.apple.product-type.app-extension";
		};
/* End PBXNativeTarget section */

/* Begin PBXProject section */
		7A5700000000000000000001 /* Project object */ = {
			isa = PBXProject;
			attributes = {
				BuildIndependentTargetsInParallel = 1;
				LastSwiftUpdateCheck = 2700;
				LastUpgradeCheck = 2700;
				TargetAttributes = {
					7A5700000000000000000030 = {
						CreatedOnToolsVersion = 27.0;
					};
					7A5700000000000000000031 = {
						CreatedOnToolsVersion = 27.0;
					};
				};
			};
			buildConfigurationList = 7A5700000000000000000070 /* Build configuration list for PBXProject "VinylQ" */;
			developmentRegion = en;
			hasScannedForEncodings = 0;
			knownRegions = (
				en,
				Base,
			);
			mainGroup = 7A5700000000000000000002;
			minimizedProjectReferenceProxies = 1;
			preferredProjectObjectVersion = 77;
			productRefGroup = 7A5700000000000000000003 /* Products */;
			projectDirPath = "";
			projectRoot = "";
			targets = (
				7A5700000000000000000030 /* VinylQ */,
				7A5700000000000000000031 /* VinylQWidgets */,
			);
		};
/* End PBXProject section */

/* Begin PBXResourcesBuildPhase section */
		7A5700000000000000000042 /* Resources */ = {
			isa = PBXResourcesBuildPhase;
			buildActionMask = 2147483647;
			files = (
				7A5700000000000000000051 /* AppIcon.icns in Resources */,
			);
			runOnlyForDeploymentPostprocessing = 0;
		};
		7A5700000000000000000046 /* Resources */ = {
			isa = PBXResourcesBuildPhase;
			buildActionMask = 2147483647;
			files = (
			);
			runOnlyForDeploymentPostprocessing = 0;
		};
/* End PBXResourcesBuildPhase section */

/* Begin PBXSourcesBuildPhase section */
		7A5700000000000000000040 /* Sources */ = {
			isa = PBXSourcesBuildPhase;
			buildActionMask = 2147483647;
			files = (
			);
			runOnlyForDeploymentPostprocessing = 0;
		};
		7A5700000000000000000044 /* Sources */ = {
			isa = PBXSourcesBuildPhase;
			buildActionMask = 2147483647;
			files = (
			);
			runOnlyForDeploymentPostprocessing = 0;
		};
/* End PBXSourcesBuildPhase section */

/* Begin PBXTargetDependency section */
		7A5700000000000000000061 /* PBXTargetDependency */ = {
			isa = PBXTargetDependency;
			target = 7A5700000000000000000031 /* VinylQWidgets */;
			targetProxy = 7A5700000000000000000060 /* PBXContainerItemProxy */;
		};
/* End PBXTargetDependency section */

/* Begin XCBuildConfiguration section */
		7A5700000000000000000080 /* Debug */ = {
			isa = XCBuildConfiguration;
			buildSettings = {
				ALWAYS_SEARCH_USER_PATHS = NO;
				CLANG_ENABLE_MODULES = YES;
				CLANG_ENABLE_OBJC_ARC = YES;
				COPY_PHASE_STRIP = NO;
				DEBUG_INFORMATION_FORMAT = dwarf;
				ENABLE_DEBUG_DYLIB = NO;
				ENABLE_STRICT_OBJC_MSGSEND = YES;
				ENABLE_TESTABILITY = YES;
				ENABLE_USER_SCRIPT_SANDBOXING = YES;
				GCC_C_LANGUAGE_STANDARD = gnu17;
				GCC_OPTIMIZATION_LEVEL = 0;
				MACOSX_DEPLOYMENT_TARGET = 14.0;
				ONLY_ACTIVE_ARCH = YES;
				SDKROOT = macosx;
				SWIFT_ACTIVE_COMPILATION_CONDITIONS = "DEBUG $(inherited)";
				SWIFT_OPTIMIZATION_LEVEL = "-Onone";
				SWIFT_VERSION = 5.0;
			};
			name = Debug;
		};
		7A5700000000000000000081 /* Release */ = {
			isa = XCBuildConfiguration;
			buildSettings = {
				ALWAYS_SEARCH_USER_PATHS = NO;
				CLANG_ENABLE_MODULES = YES;
				CLANG_ENABLE_OBJC_ARC = YES;
				COPY_PHASE_STRIP = NO;
				DEBUG_INFORMATION_FORMAT = "dwarf-with-dsym";
				ENABLE_DEBUG_DYLIB = NO;
				ENABLE_STRICT_OBJC_MSGSEND = YES;
				ENABLE_USER_SCRIPT_SANDBOXING = YES;
				GCC_C_LANGUAGE_STANDARD = gnu17;
				MACOSX_DEPLOYMENT_TARGET = 14.0;
				SDKROOT = macosx;
				SWIFT_COMPILATION_MODE = wholemodule;
				SWIFT_OPTIMIZATION_LEVEL = "-O";
				SWIFT_VERSION = 5.0;
			};
			name = Release;
		};
		7A5700000000000000000082 /* Debug */ = {
			isa = XCBuildConfiguration;
			buildSettings = {
				CODE_SIGN_IDENTITY = "-";
				CODE_SIGN_STYLE = Manual;
				COMBINE_HIDPI_IMAGES = YES;
				CURRENT_PROJECT_VERSION = 2;
				DEVELOPMENT_TEAM = "";
				ENABLE_HARDENED_RUNTIME = NO;
				GENERATE_INFOPLIST_FILE = NO;
				INFOPLIST_FILE = Packaging/Info.plist;
				LD_RUNPATH_SEARCH_PATHS = (
					"$(inherited)",
					"@executable_path/../Frameworks",
				);
				MARKETING_VERSION = 1.1;
				PRODUCT_BUNDLE_IDENTIFIER = app.wax.deck;
				PRODUCT_NAME = VinylQ;
			};
			name = Debug;
		};
		7A5700000000000000000083 /* Release */ = {
			isa = XCBuildConfiguration;
			buildSettings = {
				CODE_SIGN_INJECT_BASE_ENTITLEMENTS = NO;
				CODE_SIGN_IDENTITY = "-";
				CODE_SIGN_STYLE = Manual;
				COMBINE_HIDPI_IMAGES = YES;
				CURRENT_PROJECT_VERSION = 2;
				DEVELOPMENT_TEAM = "";
				ENABLE_HARDENED_RUNTIME = NO;
				GENERATE_INFOPLIST_FILE = NO;
				INFOPLIST_FILE = Packaging/Info.plist;
				LD_RUNPATH_SEARCH_PATHS = (
					"$(inherited)",
					"@executable_path/../Frameworks",
				);
				MARKETING_VERSION = 1.1;
				PRODUCT_BUNDLE_IDENTIFIER = app.wax.deck;
				PRODUCT_NAME = VinylQ;
			};
			name = Release;
		};
		7A5700000000000000000084 /* Debug */ = {
			isa = XCBuildConfiguration;
			buildSettings = {
				APPLICATION_EXTENSION_API_ONLY = YES;
				CODE_SIGN_ENTITLEMENTS = Packaging/VinylQWidgets.entitlements;
				CODE_SIGN_IDENTITY = "-";
				CODE_SIGN_STYLE = Manual;
				CURRENT_PROJECT_VERSION = 2;
				DEVELOPMENT_TEAM = "";
				ENABLE_HARDENED_RUNTIME = NO;
				GENERATE_INFOPLIST_FILE = NO;
				INFOPLIST_FILE = "Packaging/VinylQWidgets-Info.plist";
				LD_RUNPATH_SEARCH_PATHS = (
					"$(inherited)",
					"@executable_path/../Frameworks",
					"@executable_path/../../../../Frameworks",
				);
				MARKETING_VERSION = 1.1;
				PRODUCT_BUNDLE_IDENTIFIER = app.wax.deck.widgets;
				PRODUCT_NAME = "$(TARGET_NAME)";
				SKIP_INSTALL = YES;
			};
			name = Debug;
		};
		7A5700000000000000000085 /* Release */ = {
			isa = XCBuildConfiguration;
			buildSettings = {
				CODE_SIGN_INJECT_BASE_ENTITLEMENTS = NO;
				APPLICATION_EXTENSION_API_ONLY = YES;
				CODE_SIGN_ENTITLEMENTS = Packaging/VinylQWidgets.entitlements;
				CODE_SIGN_IDENTITY = "-";
				CODE_SIGN_STYLE = Manual;
				CURRENT_PROJECT_VERSION = 2;
				DEVELOPMENT_TEAM = "";
				ENABLE_HARDENED_RUNTIME = NO;
				GENERATE_INFOPLIST_FILE = NO;
				INFOPLIST_FILE = "Packaging/VinylQWidgets-Info.plist";
				LD_RUNPATH_SEARCH_PATHS = (
					"$(inherited)",
					"@executable_path/../Frameworks",
					"@executable_path/../../../../Frameworks",
				);
				MARKETING_VERSION = 1.1;
				PRODUCT_BUNDLE_IDENTIFIER = app.wax.deck.widgets;
				PRODUCT_NAME = "$(TARGET_NAME)";
				SKIP_INSTALL = YES;
			};
			name = Release;
		};
/* End XCBuildConfiguration section */

/* Begin XCConfigurationList section */
		7A5700000000000000000070 /* Build configuration list for PBXProject "VinylQ" */ = {
			isa = XCConfigurationList;
			buildConfigurations = (
				7A5700000000000000000080 /* Debug */,
				7A5700000000000000000081 /* Release */,
			);
			defaultConfigurationIsVisible = 0;
			defaultConfigurationName = Release;
		};
		7A5700000000000000000071 /* Build configuration list for PBXNativeTarget "VinylQ" */ = {
			isa = XCConfigurationList;
			buildConfigurations = (
				7A5700000000000000000082 /* Debug */,
				7A5700000000000000000083 /* Release */,
			);
			defaultConfigurationIsVisible = 0;
			defaultConfigurationName = Release;
		};
		7A5700000000000000000072 /* Build configuration list for PBXNativeTarget "VinylQWidgets" */ = {
			isa = XCConfigurationList;
			buildConfigurations = (
				7A5700000000000000000084 /* Debug */,
				7A5700000000000000000085 /* Release */,
			);
			defaultConfigurationIsVisible = 0;
			defaultConfigurationName = Release;
		};
/* End XCConfigurationList section */
	};
	rootObject = 7A5700000000000000000001 /* Project object */;
}
